
Microsoft Visual Studio Solution File, Format Version 12.00
# Visual Studio Version 17
VisualStudioVersion = 17.7.34202.233
MinimumVisualStudioVersion = 10.0.40219.1
Project("{FAE04EC0-301F-11D3-BF4B-00C04F79EFBC}") = "convertBoolToString", "convertBoolToString\convertBoolToString.csproj", "{141F2EDE-00BA-44BD-B42A-8CB60529575C}"
EndProject
Project("{FAE04EC0-301F-11D3-BF4B-00C04F79EFBC}") = "IsPangram", "IsPangram\IsPangram.csproj", "{30C1B1F1-7120-4134-8749-82268F35E6A8}"
EndProject
Global
	GlobalSection(SolutionConfigurationPlatforms) = preSolution
		Debug|Any CPU = Debug|Any CPU
		Release|Any CPU = Release|Any CPU
	EndGlobalSection
	GlobalSection(ProjectConfigurationPlatforms) = postSolution
		{141F2EDE-00BA-44BD-B42A-8CB60529575C}.Debug|Any CPU.ActiveCfg = Debug|Any CPU
		{141F2EDE-00BA-44BD-B42A-8CB60529575C}.Debug|Any CPU.Build.0 = Debug|Any CPU
		{141F2EDE-00BA-44BD-B42A-8CB60529575C}.Release|Any CPU.ActiveCfg = Release|Any CPU
		{141F2EDE-00BA-44BD-B42A-8CB60529575C}.Release|Any CPU.Build.0 = Release|Any CPU
		{30C1B1F1-7120-4134-8749-82268F35E6A8}.Debug|Any CPU.ActiveCfg = Debug|Any CPU
		{30C1B1F1-7120-4134-8749-82268F35E6A8}.Debug|Any CPU.Build.0 = Debug|Any CPU
		{30C1B1F1-7120-4134-8749-82268F35E6A8}.Release|Any CPU.ActiveCfg = Release|Any CPU
		{30C1B1F1-7120-4134-8749-82268F35E6A8}.Release|Any CPU.Build.0 = Release|Any CPU
	EndGlobalSection
	GlobalSection(SolutionProperties) = preSolution
		HideSolutionNode = FALSE
	EndGlobalSection
	GlobalSection(ExtensibilityGlobals) = postSolution
		SolutionGuid = {E64BE8FA-26A6-4D11-8D79-E58B6DAE6EBA}
	EndGlobalSection
EndGlobal
